{
  "version": 4,
  "terraform_version": "1.6.6",
  "serial": 19,
  "lineage": "0b37dc7b-0e6d-d89b-de33-fab82a2edabc",
  "outputs": {},
  "resources": [
    {
      "mode": "data",
      "type": "aws_secretsmanager_secret_version",
      "name": "password",
      "provider": "provider[\"registry.terraform.io/hashicorp/aws\"]",
      "instances": []
    },
    {
      "mode": "managed",
      "type": "aws_iam_policy",
      "name": "ec2_read_only_policy",
      "provider": "provider[\"registry.terraform.io/hashicorp/aws\"]",
      "instances": [
        {
          "schema_version": 0,
          "attributes": {
            "arn": "arn:aws:iam::959189857403:policy/EC2ReadOnlyPolicy",
            "description": "Policy for read-only access from EC2 to RDS",
            "id": "arn:aws:iam::959189857403:policy/EC2ReadOnlyPolicy",
            "name": "EC2ReadOnlyPolicy",
            "name_prefix": "",
            "path": "/",
            "policy": "{\"Statement\":[{\"Action\":[\"rds:DescribeDBInstances\",\"rds:ListTagsForResource\",\"rds:ListTagsForResource\",\"rds:DescribeDBClusters\",\"rds:DescribeDBClusterSnapshots\",\"rds:DescribeDBClusterParameterGroups\",\"rds:DescribeDBClusterParameters\",\"rds:DescribeDBEngineVersions\",\"rds:DescribeDBParameterGroups\",\"rds:DescribeDBParameters\",\"rds:DescribeDBSnapshots\",\"rds:DescribeDBSubnetGroups\",\"rds:DescribeEventCategories\",\"rds:DescribeEventSubscriptions\",\"rds:DescribeEvents\",\"rds:DescribeOptionGroups\",\"rds:DescribeOptionGroupOptions\"],\"Effect\":\"Allow\",\"Resource\":\"*\"}],\"Version\":\"2012-10-17\"}",
            "policy_id": "ANPA56VBLWR5UF2F3V6NR",
            "tags": {},
            "tags_all": {}
          },
          "sensitive_attributes": [],
          "private": "bnVsbA=="
        }
      ]
    },
    {
      "mode": "managed",
      "type": "aws_iam_role",
      "name": "ec2_1_role",
      "provider": "provider[\"registry.terraform.io/hashicorp/aws\"]",
      "instances": [
        {
          "schema_version": 0,
          "attributes": {
            "arn": "arn:aws:iam::959189857403:role/ec2_1_role",
            "assume_role_policy": "{\"Statement\":[{\"Action\":\"sts:AssumeRole\",\"Effect\":\"Allow\",\"Principal\":{\"Service\":\"ec2.amazonaws.com\"}}],\"Version\":\"2012-10-17\"}",
            "create_date": "2023-12-29T07:16:13Z",
            "description": "",
            "force_detach_policies": false,
            "id": "ec2_1_role",
            "inline_policy": [],
            "managed_policy_arns": [
              "arn:aws:iam::959189857403:policy/EC2ReadOnlyPolicy"
            ],
            "max_session_duration": 3600,
            "name": "ec2_1_role",
            "name_prefix": "",
            "path": "/",
            "permissions_boundary": "",
            "tags": {},
            "tags_all": {},
            "unique_id": "AROA56VBLWR5SWAYPC2L6"
          },
          "sensitive_attributes": [],
          "private": "bnVsbA=="
        }
      ]
    },
    {
      "mode": "managed",
      "type": "aws_iam_role_policy_attachment",
      "name": "rds_policy_attachment",
      "provider": "provider[\"registry.terraform.io/hashicorp/aws\"]",
      "instances": [
        {
          "schema_version": 0,
          "attributes": {
            "id": "ec2_1_role-20231229071615902700000001",
            "policy_arn": "arn:aws:iam::959189857403:policy/EC2ReadOnlyPolicy",
            "role": "ec2_1_role"
          },
          "sensitive_attributes": [],
          "private": "bnVsbA==",
          "dependencies": [
            "aws_iam_policy.ec2_read_only_policy",
            "aws_iam_role.ec2_1_role"
          ]
        }
      ]
    },
    {
      "mode": "managed",
      "type": "aws_key_pair",
      "name": "ssh",
      "provider": "provider[\"registry.terraform.io/hashicorp/aws\"]",
      "instances": [
        {
          "schema_version": 1,
          "attributes": {
            "arn": "arn:aws:ec2:eu-central-1:959189857403:key-pair/ssh_key",
            "fingerprint": "e6:49:81:a4:6b:9f:97:a0:be:c3:9c:ce:df:7f:eb:6e",
            "id": "ssh_key",
            "key_name": "ssh_key",
            "key_name_prefix": "",
            "key_pair_id": "key-0c6acb6d72020028b",
            "key_type": "rsa",
            "public_key": "ssh-rsa AAAAB3NzaC1yc2EAAAADAQABAAABgQC4iDtkVa91rHu0Y0Agk6qM71nlHLqDPcuXg8oSUR13vT/V0DQSizAa3M4wXnAOLIucoDeaYeBWDbl5HG3TICpI0igXyIHwu8bR4sO7QdeHo95NumJljODZfF09MOBf2y7ikMCVdamwuZlESB8+VPeIwu0b93O1o4jQg9/PTyhJXDUhMoD4/987g1jN0oK9P64y+gPCHIYYxBRBLqKIgycX5rM0EhDwXFygA0rzPKENEh/Xt2LgcNPEhES5M6zxIueThKpQ9XxTgzkXNkUMSbCjVT4rycTDyW9A3VtF0Mt+yU7GaOwJT160MlFQAMtBY98IKp96cb4bGnYR6eODsRSMxuv15wz7g9+TlebLB1VZzHDwCk4eAPqyYK2dc+ywOpCVg4tgHb+ZDL/oycWalowR4MvjuHxO1Ncu5AXTuHlR5WSSQGdJA75PG+g/+D62+GQ0TJVUL1hLK/TN2yZmeZEBb/3PfuO75yf61pGsYuIKHW1bHeq9YwPuBTNuAOJpz3M= vtabatadze@arch-lx",
            "tags": {},
            "tags_all": {}
          },
          "sensitive_attributes": [],
          "private": "eyJzY2hlbWFfdmVyc2lvbiI6IjEifQ=="
        }
      ]
    },
    {
      "mode": "managed",
      "type": "aws_s3_bucket",
      "name": "devops-tbc-vtabatadze",
      "provider": "provider[\"registry.terraform.io/hashicorp/aws\"]",
      "instances": [
        {
          "schema_version": 0,
          "attributes": {
            "acceleration_status": "",
            "acl": null,
            "arn": "arn:aws:s3:::devops-tbc-vtabatadze",
            "bucket": "devops-tbc-vtabatadze",
            "bucket_domain_name": "devops-tbc-vtabatadze.s3.amazonaws.com",
            "bucket_prefix": "",
            "bucket_regional_domain_name": "devops-tbc-vtabatadze.s3.eu-central-1.amazonaws.com",
            "cors_rule": [],
            "force_destroy": false,
            "grant": [
              {
                "id": "349fe939c1f9de4f8925e7031c72a0b21f4cde0fa24ac53afa67186cf79bf802",
                "permissions": [
                  "FULL_CONTROL"
                ],
                "type": "CanonicalUser",
                "uri": ""
              }
            ],
            "hosted_zone_id": "Z21DNDUVLTQW6Q",
            "id": "devops-tbc-vtabatadze",
            "lifecycle_rule": [],
            "logging": [],
            "object_lock_configuration": [],
            "object_lock_enabled": false,
            "policy": "",
            "region": "eu-central-1",
            "replication_configuration": [],
            "request_payer": "BucketOwner",
            "server_side_encryption_configuration": [
              {
                "rule": [
                  {
                    "apply_server_side_encryption_by_default": [
                      {
                        "kms_master_key_id": "",
                        "sse_algorithm": "AES256"
                      }
                    ],
                    "bucket_key_enabled": false
                  }
                ]
              }
            ],
            "tags": {},
            "tags_all": {},
            "timeouts": null,
            "versioning": [
              {
                "enabled": false,
                "mfa_delete": false
              }
            ],
            "website": [],
            "website_domain": null,
            "website_endpoint": null
          },
          "sensitive_attributes": [],
          "private": "eyJlMmJmYjczMC1lY2FhLTExZTYtOGY4OC0zNDM2M2JjN2M0YzAiOnsiY3JlYXRlIjoxMjAwMDAwMDAwMDAwLCJkZWxldGUiOjM2MDAwMDAwMDAwMDAsInJlYWQiOjEyMDAwMDAwMDAwMDAsInVwZGF0ZSI6MTIwMDAwMDAwMDAwMH19"
        }
      ]
    },
    {
      "mode": "managed",
      "type": "aws_secretsmanager_secret",
      "name": "password",
      "provider": "provider[\"registry.terraform.io/hashicorp/aws\"]",
      "instances": [
        {
          "schema_version": 0,
          "attributes": {
            "arn": "arn:aws:secretsmanager:eu-central-1:959189857403:secret:postgres-password-IFG8sA",
            "description": "",
            "force_overwrite_replica_secret": false,
            "id": "arn:aws:secretsmanager:eu-central-1:959189857403:secret:postgres-password-IFG8sA",
            "kms_key_id": "",
            "name": "postgres-password",
            "name_prefix": "",
            "policy": "",
            "recovery_window_in_days": 30,
            "replica": [],
            "tags": null,
            "tags_all": {}
          },
          "sensitive_attributes": [],
          "private": "bnVsbA=="
        }
      ]
    },
    {
      "mode": "managed",
      "type": "aws_secretsmanager_secret_version",
      "name": "password",
      "provider": "provider[\"registry.terraform.io/hashicorp/aws\"]",
      "instances": [
        {
          "schema_version": 0,
          "attributes": {
            "arn": "arn:aws:secretsmanager:eu-central-1:959189857403:secret:postgres-password-IFG8sA",
            "id": "arn:aws:secretsmanager:eu-central-1:959189857403:secret:postgres-password-IFG8sA|7871A0C2-E090-4707-968A-4E0B9C66887C",
            "secret_binary": "",
            "secret_id": "arn:aws:secretsmanager:eu-central-1:959189857403:secret:postgres-password-IFG8sA",
            "secret_string": "nTrA8!yDc_FP54K1",
            "version_id": "7871A0C2-E090-4707-968A-4E0B9C66887C",
            "version_stages": [
              "AWSCURRENT"
            ]
          },
          "sensitive_attributes": [
            [
              {
                "type": "get_attr",
                "value": "secret_string"
              }
            ]
          ],
          "private": "bnVsbA==",
          "dependencies": [
            "aws_secretsmanager_secret.password",
            "random_password.master"
          ]
        }
      ]
    },
    {
      "mode": "managed",
      "type": "aws_security_group",
      "name": "ec2_1_instance",
      "provider": "provider[\"registry.terraform.io/hashicorp/aws\"]",
      "instances": [
        {
          "schema_version": 1,
          "attributes": {
            "arn": "arn:aws:ec2:eu-central-1:959189857403:security-group/sg-074883ff047f0a434",
            "description": "security group for ssh and web traffice",
            "egress": [
              {
                "cidr_blocks": [
                  "0.0.0.0/0"
                ],
                "description": "",
                "from_port": 0,
                "ipv6_cidr_blocks": [],
                "prefix_list_ids": [],
                "protocol": "-1",
                "security_groups": [],
                "self": false,
                "to_port": 0
              }
            ],
            "id": "sg-074883ff047f0a434",
            "ingress": [
              {
                "cidr_blocks": [
                  "0.0.0.0/0"
                ],
                "description": "",
                "from_port": 22,
                "ipv6_cidr_blocks": [],
                "prefix_list_ids": [],
                "protocol": "tcp",
                "security_groups": [],
                "self": false,
                "to_port": 22
              },
              {
                "cidr_blocks": [
                  "0.0.0.0/0"
                ],
                "description": "",
                "from_port": 443,
                "ipv6_cidr_blocks": [],
                "prefix_list_ids": [],
                "protocol": "tcp",
                "security_groups": [],
                "self": false,
                "to_port": 443
              },
              {
                "cidr_blocks": [
                  "0.0.0.0/0"
                ],
                "description": "",
                "from_port": 80,
                "ipv6_cidr_blocks": [],
                "prefix_list_ids": [],
                "protocol": "tcp",
                "security_groups": [],
                "self": false,
                "to_port": 80
              }
            ],
            "name": "ssh-web",
            "name_prefix": "",
            "owner_id": "959189857403",
            "revoke_rules_on_delete": false,
            "tags": {},
            "tags_all": {},
            "timeouts": null,
            "vpc_id": "vpc-021642ff67ae5fba7"
          },
          "sensitive_attributes": [],
          "private": "eyJlMmJmYjczMC1lY2FhLTExZTYtOGY4OC0zNDM2M2JjN2M0YzAiOnsiY3JlYXRlIjo2MDAwMDAwMDAwMDAsImRlbGV0ZSI6OTAwMDAwMDAwMDAwfSwic2NoZW1hX3ZlcnNpb24iOiIxIn0="
        }
      ]
    },
    {
      "mode": "managed",
      "type": "random_password",
      "name": "master",
      "provider": "provider[\"registry.terraform.io/hashicorp/random\"]",
      "instances": [
        {
          "schema_version": 3,
          "attributes": {
            "bcrypt_hash": "$2a$10$o.W5Ss17vWdOo1qFLfJwZegKDPNjUPZhni28VxhH19bNWgkfqYYuW",
            "id": "none",
            "keepers": null,
            "length": 16,
            "lower": true,
            "min_lower": 0,
            "min_numeric": 0,
            "min_special": 0,
            "min_upper": 0,
            "number": true,
            "numeric": true,
            "override_special": "!%_^",
            "result": "nTrA8!yDc_FP54K1",
            "special": true,
            "upper": true
          },
          "sensitive_attributes": []
        }
      ]
    }
  ],
  "check_results": null
}
